
Microsoft Visual Studio Solution File, Format Version 12.00
# Visual Studio Express 2012 for Windows Desktop
Project("{FAE04EC0-301F-11D3-BF4B-00C04F79EFBC}") = "UsbDevices", "UsbDevices\UsbDevices.csproj", "{75820884-E60E-4067-8EE4-10F8698A74D8}"
EndProject
Project("{FAE04EC0-301F-11D3-BF4B-00C04F79EFBC}") = "UsbDevicesDotNet", "UsbDevicesDotNet\UsbDevicesDotNet.csproj", "{8D716417-07DD-40A6-8229-CD523E3ADF99}"
EndProject
Project("{FAE04EC0-301F-11D3-BF4B-00C04F79EFBC}") = "UsbDevicesViewer", "UsbDevicesViewer\UsbDevicesViewer.csproj", "{3D070B3B-4BC9-4F6A-B3F3-E611BB2E06DE}"
EndProject
Project("{FAE04EC0-301F-11D3-BF4B-00C04F79EFBC}") = "include2winapi", "include2winapi\include2winapi.csproj", "{76ED188F-7808-45ED-87BB-C20388A774B9}"
EndProject
Global
	GlobalSection(SolutionConfigurationPlatforms) = preSolution
		Debug|Any CPU = Debug|Any CPU
		Release|Any CPU = Release|Any CPU
	EndGlobalSection
	GlobalSection(ProjectConfigurationPlatforms) = postSolution
		{75820884-E60E-4067-8EE4-10F8698A74D8}.Debug|Any CPU.ActiveCfg = Debug|Any CPU
		{75820884-E60E-4067-8EE4-10F8698A74D8}.Debug|Any CPU.Build.0 = Debug|Any CPU
		{75820884-E60E-4067-8EE4-10F8698A74D8}.Release|Any CPU.ActiveCfg = Release|Any CPU
		{75820884-E60E-4067-8EE4-10F8698A74D8}.Release|Any CPU.Build.0 = Release|Any CPU
		{8D716417-07DD-40A6-8229-CD523E3ADF99}.Debug|Any CPU.ActiveCfg = Debug|Any CPU
		{8D716417-07DD-40A6-8229-CD523E3ADF99}.Debug|Any CPU.Build.0 = Debug|Any CPU
		{8D716417-07DD-40A6-8229-CD523E3ADF99}.Release|Any CPU.ActiveCfg = Release|Any CPU
		{8D716417-07DD-40A6-8229-CD523E3ADF99}.Release|Any CPU.Build.0 = Release|Any CPU
		{3D070B3B-4BC9-4F6A-B3F3-E611BB2E06DE}.Debug|Any CPU.ActiveCfg = Debug|Any CPU
		{3D070B3B-4BC9-4F6A-B3F3-E611BB2E06DE}.Debug|Any CPU.Build.0 = Debug|Any CPU
		{3D070B3B-4BC9-4F6A-B3F3-E611BB2E06DE}.Release|Any CPU.ActiveCfg = Release|Any CPU
		{3D070B3B-4BC9-4F6A-B3F3-E611BB2E06DE}.Release|Any CPU.Build.0 = Release|Any CPU
		{76ED188F-7808-45ED-87BB-C20388A774B9}.Debug|Any CPU.ActiveCfg = Debug|Any CPU
		{76ED188F-7808-45ED-87BB-C20388A774B9}.Debug|Any CPU.Build.0 = Debug|Any CPU
		{76ED188F-7808-45ED-87BB-C20388A774B9}.Release|Any CPU.ActiveCfg = Release|Any CPU
		{76ED188F-7808-45ED-87BB-C20388A774B9}.Release|Any CPU.Build.0 = Release|Any CPU
	EndGlobalSection
	GlobalSection(SolutionProperties) = preSolution
		HideSolutionNode = FALSE
	EndGlobalSection
EndGlobal
